{
  "name": "veracode-sandboxes-helper",
  "version": "1.0.0",
  "lockfileVersion": 2,
  "requires": true,
  "packages": {
    "": {
      "name": "veracode-sandboxes-helper",
      "version": "1.0.0",
      "license": "MIT",
      "dependencies": {
        "@actions/core": "^1.6.0",
        "axios": "^0.22.0"
      },
      "devDependencies": {
        "@types/axios": "^0.14.0",
        "@types/node": "^16.10.2",
        "@vercel/ncc": "^0.31.1",
        "typescript": "^4.4.3"
      }
    },
    "node_modules/@actions/core": {
      "version": "1.6.0",
      "resolved": "https://registry.npmjs.org/@actions/core/-/core-1.6.0.tgz",
      "integrity": "sha512-NB1UAZomZlCV/LmJqkLhNTqtKfFXJZAUPcfl/zqG7EfsQdeUJtaWO98SGbuQ3pydJ3fHl2CvI/51OKYlCYYcaw==",
      "dependencies": {
        "@actions/http-client": "^1.0.11"
      }
    },
    "node_modules/@actions/http-client": {
      "version": "1.0.11",
      "resolved": "https://registry.npmjs.org/@actions/http-client/-/http-client-1.0.11.tgz",
      "integrity": "sha512-VRYHGQV1rqnROJqdMvGUbY/Kn8vriQe/F9HR2AlYHzmKuM/p3kjNuXhmdBfcVgsvRWTz5C5XW5xvndZrVBuAYg==",
      "dependencies": {
        "tunnel": "0.0.6"
      }
    },
    "node_modules/@types/axios": {
      "version": "0.14.0",
      "resolved": "https://registry.npmjs.org/@types/axios/-/axios-0.14.0.tgz",
      "integrity": "sha1-7CMA++fX3d1+udOr+HmZlkyvzkY=",
      "deprecated": "This is a stub types definition for axios (https://github.com/mzabriskie/axios). axios provides its own type definitions, so you don't need @types/axios installed!",
      "dev": true,
      "dependencies": {
        "axios": "*"
      }
    },
    "node_modules/@types/node": {
      "version": "16.10.2",
      "resolved": "https://registry.npmjs.org/@types/node/-/node-16.10.2.tgz",
      "integrity": "sha512-zCclL4/rx+W5SQTzFs9wyvvyCwoK9QtBpratqz2IYJ3O8Umrn0m3nsTv0wQBk9sRGpvUe9CwPDrQFB10f1FIjQ==",
      "dev": true
    },
    "node_modules/@vercel/ncc": {
      "version": "0.31.1",
      "resolved": "https://registry.npmjs.org/@vercel/ncc/-/ncc-0.31.1.tgz",
      "integrity": "sha512-g0FAxwdViI6UzsiVz5HssIHqjcPa1EHL6h+2dcJD893SoCJaGdqqgUF09xnMW6goWnnhbLvgiKlgJWrJa+7qYA==",
      "dev": true,
      "bin": {
        "ncc": "dist/ncc/cli.js"
      }
    },
    "node_modules/axios": {
      "version": "0.22.0",
      "resolved": "https://registry.npmjs.org/axios/-/axios-0.22.0.tgz",
      "integrity": "sha512-Z0U3uhqQeg1oNcihswf4ZD57O3NrR1+ZXhxaROaWpDmsDTx7T2HNBV2ulBtie2hwJptu8UvgnJoK+BIqdzh/1w==",
      "dependencies": {
        "follow-redirects": "^1.14.4"
      }
    },
    "node_modules/follow-redirects": {
      "version": "1.14.8",
      "resolved": "https://registry.npmjs.org/follow-redirects/-/follow-redirects-1.14.8.tgz",
      "integrity": "sha512-1x0S9UVJHsQprFcEC/qnNzBLcIxsjAV905f/UkQxbclCsoTWlacCNOpQa/anodLl2uaEKFhfWOvM2Qg77+15zA==",
      "funding": [
        {
          "type": "individual",
          "url": "https://github.com/sponsors/RubenVerborgh"
        }
      ],
      "engines": {
        "node": ">=4.0"
      },
      "peerDependenciesMeta": {
        "debug": {
          "optional": true
        }
      }
    },
    "node_modules/tunnel": {
      "version": "0.0.6",
      "resolved": "https://registry.npmjs.org/tunnel/-/tunnel-0.0.6.tgz",
      "integrity": "sha512-1h/Lnq9yajKY2PEbBadPXj3VxsDDu844OnaAo52UVmIzIvwwtBPIuNvkjuzBlTWpfJyUbG3ez0KSBibQkj4ojg==",
      "engines": {
        "node": ">=0.6.11 <=0.7.0 || >=0.7.3"
      }
    },
    "node_modules/typescript": {
      "version": "4.4.3",
      "resolved": "https://registry.npmjs.org/typescript/-/typescript-4.4.3.tgz",
      "integrity": "sha512-4xfscpisVgqqDfPaJo5vkd+Qd/ItkoagnHpufr+i2QCHBsNYp+G7UAoyFl8aPtx879u38wPV65rZ8qbGZijalA==",
      "dev": true,
      "bin": {
        "tsc": "bin/tsc",
        "tsserver": "bin/tsserver"
      },
      "engines": {
        "node": ">=4.2.0"
      }
    }
  },
  "dependencies": {
    "@actions/core": {
      "version": "1.6.0",
      "resolved": "https://registry.npmjs.org/@actions/core/-/core-1.6.0.tgz",
      "integrity": "sha512-NB1UAZomZlCV/LmJqkLhNTqtKfFXJZAUPcfl/zqG7EfsQdeUJtaWO98SGbuQ3pydJ3fHl2CvI/51OKYlCYYcaw==",
      "requires": {
        "@actions/http-client": "^1.0.11"
      }
    },
    "@actions/http-client": {
      "version": "1.0.11",
      "resolved": "https://registry.npmjs.org/@actions/http-client/-/http-client-1.0.11.tgz",
      "integrity": "sha512-VRYHGQV1rqnROJqdMvGUbY/Kn8vriQe/F9HR2AlYHzmKuM/p3kjNuXhmdBfcVgsvRWTz5C5XW5xvndZrVBuAYg==",
      "requires": {
        "tunnel": "0.0.6"
      }
    },
    "@types/axios": {
      "version": "0.14.0",
      "resolved": "https://registry.npmjs.org/@types/axios/-/axios-0.14.0.tgz",
      "integrity": "sha1-7CMA++fX3d1+udOr+HmZlkyvzkY=",
      "dev": true,
      "requires": {
        "axios": "*"
      }
    },
    "@types/node": {
      "version": "16.10.2",
      "resolved": "https://registry.npmjs.org/@types/node/-/node-16.10.2.tgz",
      "integrity": "sha512-zCclL4/rx+W5SQTzFs9wyvvyCwoK9QtBpratqz2IYJ3O8Umrn0m3nsTv0wQBk9sRGpvUe9CwPDrQFB10f1FIjQ==",
      "dev": true
    },
    "@vercel/ncc": {
      "version": "0.31.1",
      "resolved": "https://registry.npmjs.org/@vercel/ncc/-/ncc-0.31.1.tgz",
      "integrity": "sha512-g0FAxwdViI6UzsiVz5HssIHqjcPa1EHL6h+2dcJD893SoCJaGdqqgUF09xnMW6goWnnhbLvgiKlgJWrJa+7qYA==",
      "dev": true
    },
    "axios": {
      "version": "0.22.0",
      "resolved": "https://registry.npmjs.org/axios/-/axios-0.22.0.tgz",
      "integrity": "sha512-Z0U3uhqQeg1oNcihswf4ZD57O3NrR1+ZXhxaROaWpDmsDTx7T2HNBV2ulBtie2hwJptu8UvgnJoK+BIqdzh/1w==",
      "requires": {
        "follow-redirects": "^1.14.4"
      }
    },
    "follow-redirects": {
      "version": "1.14.8",
      "resolved": "https://registry.npmjs.org/follow-redirects/-/follow-redirects-1.14.8.tgz",
      "integrity": "sha512-1x0S9UVJHsQprFcEC/qnNzBLcIxsjAV905f/UkQxbclCsoTWlacCNOpQa/anodLl2uaEKFhfWOvM2Qg77+15zA=="
    },
    "tunnel": {
      "version": "0.0.6",
      "resolved": "https://registry.npmjs.org/tunnel/-/tunnel-0.0.6.tgz",
      "integrity": "sha512-1h/Lnq9yajKY2PEbBadPXj3VxsDDu844OnaAo52UVmIzIvwwtBPIuNvkjuzBlTWpfJyUbG3ez0KSBibQkj4ojg=="
    },
    "typescript": {
      "version": "4.4.3",
      "resolved": "https://registry.npmjs.org/typescript/-/typescript-4.4.3.tgz",
      "integrity": "sha512-4xfscpisVgqqDfPaJo5vkd+Qd/ItkoagnHpufr+i2QCHBsNYp+G7UAoyFl8aPtx879u38wPV65rZ8qbGZijalA==",
      "dev": true
    }
  }
}
